// !$*UTF8*$!
{
	archiveVersion = 1;
	classes = {
	};
	objectVersion = 55;
	objects = {

/* Begin PBXBuildFile section */
		2953AF8C2803FFEA00396B74 /* AppDelegate.swift in Sources */ = {isa = PBXBuildFile; fileRef = 2953AF8B2803FFEA00396B74 /* AppDelegate.swift */; };
		2953AF8E2803FFEA00396B74 /* SceneDelegate.swift in Sources */ = {isa = PBXBuildFile; fileRef = 2953AF8D2803FFEA00396B74 /* SceneDelegate.swift */; };
		2953AF902803FFEA00396B74 /* ViewController.swift in Sources */ = {isa = PBXBuildFile; fileRef = 2953AF8F2803FFEA00396B74 /* ViewController.swift */; };
		2953AF932803FFEA00396B74 /* Main.storyboard in Resources */ = {isa = PBXBuildFile; fileRef = 2953AF912803FFEA00396B74 /* Main.storyboard */; };
		2953AF952803FFEB00396B74 /* Assets.xcassets in Resources */ = {isa = PBXBuildFile; fileRef = 2953AF942803FFEB00396B74 /* Assets.xcassets */; };
		2953AF982803FFEB00396B74 /* LaunchScreen.storyboard in Resources */ = {isa = PBXBuildFile; fileRef = 2953AF962803FFEB00396B74 /* LaunchScreen.storyboard */; };
		2953AFA32803FFEB00396B74 /* corsoTests.swift in Sources */ = {isa = PBXBuildFile; fileRef = 2953AFA22803FFEB00396B74 /* corsoTests.swift */; };
		2953AFAD2803FFEB00396B74 /* corsoUITests.swift in Sources */ = {isa = PBXBuildFile; fileRef = 2953AFAC2803FFEB00396B74 /* corsoUITests.swift */; };
		2953AFAF2803FFEB00396B74 /* corsoUITestsLaunchTests.swift in Sources */ = {isa = PBXBuildFile; fileRef = 2953AFAE2803FFEB00396B74 /* corsoUITestsLaunchTests.swift */; };
/* End PBXBuildFile section */

/* Begin PBXContainerItemProxy section */
		2953AF9F2803FFEB00396B74 /* PBXContainerItemProxy */ = {
			isa = PBXContainerItemProxy;
			containerPortal = 2953AF802803FFEA00396B74 /* Project object */;
			proxyType = 1;
			remoteGlobalIDString = 2953AF872803FFEA00396B74;
			remoteInfo = corso;
		};
		2953AFA92803FFEB00396B74 /* PBXContainerItemProxy */ = {
			isa = PBXContainerItemProxy;
			containerPortal = 2953AF802803FFEA00396B74 /* Project object */;
			proxyType = 1;
			remoteGlobalIDString = 2953AF872803FFEA00396B74;
			remoteInfo = corso;
		};
/* End PBXContainerItemProxy section */

/* Begin PBXFileReference section */
		2953AF882803FFEA00396B74 /* corso.app */ = {isa = PBXFileReference; explicitFileType = wrapper.application; includeInIndex = 0; path = corso.app; sourceTree = BUILT_PRODUCTS_DIR; };
		2953AF8B2803FFEA00396B74 /* AppDelegate.swift */ = {isa = PBXFileReference; lastKnownFileType = sourcecode.swift; path = AppDelegate.swift; sourceTree = "<group>"; };
		2953AF8D2803FFEA00396B74 /* SceneDelegate.swift */ = {isa = PBXFileReference; lastKnownFileType = sourcecode.swift; path = SceneDelegate.swift; sourceTree = "<group>"; };
		2953AF8F2803FFEA00396B74 /* ViewController.swift */ = {isa = PBXFileReference; lastKnownFileType = sourcecode.swift; path = ViewController.swift; sourceTree = "<group>"; };
		2953AF922803FFEA00396B74 /* Base */ = {isa = PBXFileReference; lastKnownFileType = file.storyboard; name = Base; path = Base.lproj/Main.storyboard; sourceTree = "<group>"; };
		2953AF942803FFEB00396B74 /* Assets.xcassets */ = {isa = PBXFileReference; lastKnownFileType = folder.assetcatalog; path = Assets.xcassets; sourceTree = "<group>"; };
		2953AF972803FFEB00396B74 /* Base */ = {isa = PBXFileReference; lastKnownFileType = file.storyboard; name = Base; path = Base.lproj/LaunchScreen.storyboard; sourceTree = "<group>"; };
		2953AF992803FFEB00396B74 /* Info.plist */ = {isa = PBXFileReference; lastKnownFileType = text.plist.xml; path = Info.plist; sourceTree = "<group>"; };
		2953AF9E2803FFEB00396B74 /* corsoTests.xctest */ = {isa = PBXFileReference; explicitFileType = wrapper.cfbundle; includeInIndex = 0; path = corsoTests.xctest; sourceTree = BUILT_PRODUCTS_DIR; };
		2953AFA22803FFEB00396B74 /* corsoTests.swift */ = {isa = PBXFileReference; lastKnownFileType = sourcecode.swift; path = corsoTests.swift; sourceTree = "<group>"; };
		2953AFA82803FFEB00396B74 /* corsoUITests.xctest */ = {isa = PBXFileReference; explicitFileType = wrapper.cfbundle; includeInIndex = 0; path = corsoUITests.xctest; sourceTree = BUILT_PRODUCTS_DIR; };
		2953AFAC2803FFEB00396B74 /* corsoUITests.swift */ = {isa = PBXFileReference; lastKnownFileType = sourcecode.swift; path = corsoUITests.swift; sourceTree = "<group>"; };
		2953AFAE2803FFEB00396B74 /* corsoUITestsLaunchTests.swift */ = {isa = PBXFileReference; lastKnownFileType = sourcecode.swift; path = corsoUITestsLaunchTests.swift; sourceTree = "<group>"; };
/* End PBXFileReference section */

/* Begin PBXFrameworksBuildPhase section */
		2953AF852803FFEA00396B74 /* Frameworks */ = {
			isa = PBXFrameworksBuildPhase;
			buildActionMask = 2147483647;
			files = (
			);
			runOnlyForDeploymentPostprocessing = 0;
		};
		2953AF9B2803FFEB00396B74 /* Frameworks */ = {
			isa = PBXFrameworksBuildPhase;
			buildActionMask = 2147483647;
			files = (
			);
			runOnlyForDeploymentPostprocessing = 0;
		};
		2953AFA52803FFEB00396B74 /* Frameworks */ = {
			isa = PBXFrameworksBuildPhase;
			buildActionMask = 2147483647;
			files = (
			);
			runOnlyForDeploymentPostprocessing = 0;
		};
/* End PBXFrameworksBuildPhase section */

/* Begin PBXGroup section */
		2953AF7F2803FFEA00396B74 = {
			isa = PBXGroup;
			children = (
				2953AF8A2803FFEA00396B74 /* corso */,
				2953AFA12803FFEB00396B74 /* corsoTests */,
				2953AFAB2803FFEB00396B74 /* corsoUITests */,
				2953AF892803FFEA00396B74 /* Products */,
			);
			sourceTree = "<group>";
		};
		2953AF892803FFEA00396B74 /* Products */ = {
			isa = PBXGroup;
			children = (
				2953AF882803FFEA00396B74 /* corso.app */,
				2953AF9E2803FFEB00396B74 /* corsoTests.xctest */,
				2953AFA82803FFEB00396B74 /* corsoUITests.xctest */,
			);
			name = Products;
			sourceTree = "<group>";
		};
		2953AF8A2803FFEA00396B74 /* corso */ = {
			isa = PBXGroup;
			children = (
				2953AF8B2803FFEA00396B74 /* AppDelegate.swift */,
				2953AF8D2803FFEA00396B74 /* SceneDelegate.swift */,
				2953AF8F2803FFEA00396B74 /* ViewController.swift */,
				2953AF912803FFEA00396B74 /* Main.storyboard */,
				2953AF942803FFEB00396B74 /* Assets.xcassets */,
				2953AF962803FFEB00396B74 /* LaunchScreen.storyboard */,
				2953AF992803FFEB00396B74 /* Info.plist */,
			);
			path = corso;
			sourceTree = "<group>";
		};
		2953AFA12803FFEB00396B74 /* corsoTests */ = {
			isa = PBXGroup;
			children = (
				2953AFA22803FFEB00396B74 /* corsoTests.swift */,
			);
			path = corsoTests;
			sourceTree = "<group>";
		};
		2953AFAB2803FFEB00396B74 /* corsoUITests */ = {
			isa = PBXGroup;
			children = (
				2953AFAC2803FFEB00396B74 /* corsoUITests.swift */,
				2953AFAE2803FFEB00396B74 /* corsoUITestsLaunchTests.swift */,
			);
			path = corsoUITests;
			sourceTree = "<group>";
		};
/* End PBXGroup section */

/* Begin PBXNativeTarget section */
		2953AF872803FFEA00396B74 /* corso */ = {
			isa = PBXNativeTarget;
			buildConfigurationList = 2953AFB22803FFEB00396B74 /* Build configuration list for PBXNativeTarget "corso" */;
			buildPhases = (
				2953AF842803FFEA00396B74 /* Sources */,
				2953AF852803FFEA00396B74 /* Frameworks */,
				2953AF862803FFEA00396B74 /* Resources */,
			);
			buildRules = (
			);
			dependencies = (
			);
			name = corso;
			productName = corso;
			productReference = 2953AF882803FFEA00396B74 /* corso.app */;
			productType = "com.apple.product-type.application";
		};
		2953AF9D2803FFEB00396B74 /* corsoTests */ = {
			isa = PBXNativeTarget;
			buildConfigurationList = 2953AFB52803FFEB00396B74 /* Build configuration list for PBXNativeTarget "corsoTests" */;
			buildPhases = (
				2953AF9A2803FFEB00396B74 /* Sources */,
				2953AF9B2803FFEB00396B74 /* Frameworks */,
				2953AF9C2803FFEB00396B74 /* Resources */,
			);
			buildRules = (
			);
			dependencies = (
				2953AFA02803FFEB00396B74 /* PBXTargetDependency */,
			);
			name = corsoTests;
			productName = corsoTests;
			productReference = 2953AF9E2803FFEB00396B74 /* corsoTests.xctest */;
			productType = "com.apple.product-type.bundle.unit-test";
		};
		2953AFA72803FFEB00396B74 /* corsoUITests */ = {
			isa = PBXNativeTarget;
			buildConfigurationList = 2953AFB82803FFEB00396B74 /* Build configuration list for PBXNativeTarget "corsoUITests" */;
			buildPhases = (
				2953AFA42803FFEB00396B74 /* Sources */,
				2953AFA52803FFEB00396B74 /* Frameworks */,
				2953AFA62803FFEB00396B74 /* Resources */,
			);
			buildRules = (
			);
			dependencies = (
				2953AFAA2803FFEB00396B74 /* PBXTargetDependency */,
			);
			name = corsoUITests;
			productName = corsoUITests;
			productReference = 2953AFA82803FFEB00396B74 /* corsoUITests.xctest */;
			productType = "com.apple.product-type.bundle.ui-testing";
		};
/* End PBXNativeTarget section */

/* Begin PBXProject section */
		2953AF802803FFEA00396B74 /* Project object */ = {
			isa = PBXProject;
			attributes = {
				BuildIndependentTargetsInParallel = 1;
				LastSwiftUpdateCheck = 1330;
				LastUpgradeCheck = 1330;
				TargetAttributes = {
					2953AF872803FFEA00396B74 = {
						CreatedOnToolsVersion = 13.3;
					};
					2953AF9D2803FFEB00396B74 = {
						CreatedOnToolsVersion = 13.3;
						TestTargetID = 2953AF872803FFEA00396B74;
					};
					2953AFA72803FFEB00396B74 = {
						CreatedOnToolsVersion = 13.3;
						TestTargetID = 2953AF872803FFEA00396B74;
					};
				};
			};
			buildConfigurationList = 2953AF832803FFEA00396B74 /* Build configuration list for PBXProject "corso" */;
			compatibilityVersion = "Xcode 13.0";
			developmentRegion = en;
			hasScannedForEncodings = 0;
			knownRegions = (
				en,
				Base,
			);
			mainGroup = 2953AF7F2803FFEA00396B74;
			productRefGroup = 2953AF892803FFEA00396B74 /* Products */;
			projectDirPath = "";
			projectRoot = "";
			targets = (
				2953AF872803FFEA00396B74 /* corso */,
				2953AF9D2803FFEB00396B74 /* corsoTests */,
				2953AFA72803FFEB00396B74 /* corsoUITests */,
			);
		};
/* End PBXProject section */

/* Begin PBXResourcesBuildPhase section */
		2953AF862803FFEA00396B74 /* Resources */ = {
			isa = PBXResourcesBuildPhase;
			buildActionMask = 2147483647;
			files = (
				2953AF982803FFEB00396B74 /* LaunchScreen.storyboard in Resources */,
				2953AF952803FFEB00396B74 /* Assets.xcassets in Resources */,
				2953AF932803FFEA00396B74 /* Main.storyboard in Resources */,
			);
			runOnlyForDeploymentPostprocessing = 0;
		};
		2953AF9C2803FFEB00396B74 /* Resources */ = {
			isa = PBXResourcesBuildPhase;
			buildActionMask = 2147483647;
			files = (
			);
			runOnlyForDeploymentPostprocessing = 0;
		};
		2953AFA62803FFEB00396B74 /* Resources */ = {
			isa = PBXResourcesBuildPhase;
			buildActionMask = 2147483647;
			files = (
			);
			runOnlyForDeploymentPostprocessing = 0;
		};
/* End PBXResourcesBuildPhase section */

/* Begin PBXSourcesBuildPhase section */
		2953AF842803FFEA00396B74 /* Sources */ = {
			isa = PBXSourcesBuildPhase;
			buildActionMask = 2147483647;
			files = (
				2953AF902803FFEA00396B74 /* ViewController.swift in Sources */,
				2953AF8C2803FFEA00396B74 /* AppDelegate.swift in Sources */,
				2953AF8E2803FFEA00396B74 /* SceneDelegate.swift in Sources */,
			);
			runOnlyForDeploymentPostprocessing = 0;
		};
		2953AF9A2803FFEB00396B74 /* Sources */ = {
			isa = PBXSourcesBuildPhase;
			buildActionMask = 2147483647;
			files = (
				2953AFA32803FFEB00396B74 /* corsoTests.swift in Sources */,
			);
			runOnlyForDeploymentPostprocessing = 0;
		};
		2953AFA42803FFEB00396B74 /* Sources */ = {
			isa = PBXSourcesBuildPhase;
			buildActionMask = 2147483647;
			files = (
				2953AFAD2803FFEB00396B74 /* corsoUITests.swift in Sources */,
				2953AFAF2803FFEB00396B74 /* corsoUITestsLaunchTests.swift in Sources */,
			);
			runOnlyForDeploymentPostprocessing = 0;
		};
/* End PBXSourcesBuildPhase section */

/* Begin PBXTargetDependency section */
		2953AFA02803FFEB00396B74 /* PBXTargetDependency */ = {
			isa = PBXTargetDependency;
			target = 2953AF872803FFEA00396B74 /* corso */;
			targetProxy = 2953AF9F2803FFEB00396B74 /* PBXContainerItemProxy */;
		};
		2953AFAA2803FFEB00396B74 /* PBXTargetDependency */ = {
			isa = PBXTargetDependency;
			target = 2953AF872803FFEA00396B74 /* corso */;
			targetProxy = 2953AFA92803FFEB00396B74 /* PBXContainerItemProxy */;
		};
/* End PBXTargetDependency section */

/* Begin PBXVariantGroup section */
		2953AF912803FFEA00396B74 /* Main.storyboard */ = {
			isa = PBXVariantGroup;
			children = (
				2953AF922803FFEA00396B74 /* Base */,
			);
			name = Main.storyboard;
			sourceTree = "<group>";
		};
		2953AF962803FFEB00396B74 /* LaunchScreen.storyboard */ = {
			isa = PBXVariantGroup;
			children = (
				2953AF972803FFEB00396B74 /* Base */,
			);
			name = LaunchScreen.storyboard;
			sourceTree = "<group>";
		};
/* End PBXVariantGroup section */

/* Begin XCBuildConfiguration section */
		2953AFB02803FFEB00396B74 /* Debug */ = {
			isa = XCBuildConfiguration;
			buildSettings = {
				ALWAYS_SEARCH_USER_PATHS = NO;
				CLANG_ANALYZER_NONNULL = YES;
				CLANG_ANALYZER_NUMBER_OBJECT_CONVERSION = YES_AGGRESSIVE;
				CLANG_CXX_LANGUAGE_STANDARD = "gnu++17";
				CLANG_ENABLE_MODULES = YES;
				CLANG_ENABLE_OBJC_ARC = YES;
				CLANG_ENABLE_OBJC_WEAK = YES;
				CLANG_WARN_BLOCK_CAPTURE_AUTORELEASING = YES;
				CLANG_WARN_BOOL_CONVERSION = YES;
				CLANG_WARN_COMMA = YES;
				CLANG_WARN_CONSTANT_CONVERSION = YES;
				CLANG_WARN_DEPRECATED_OBJC_IMPLEMENTATIONS = YES;
				CLANG_WARN_DIRECT_OBJC_ISA_USAGE = YES_ERROR;
				CLANG_WARN_DOCUMENTATION_COMMENTS = YES;
				CLANG_WARN_EMPTY_BODY = YES;
				CLANG_WARN_ENUM_CONVERSION = YES;
				CLANG_WARN_INFINITE_RECURSION = YES;
				CLANG_WARN_INT_CONVERSION = YES;
				CLANG_WARN_NON_LITERAL_NULL_CONVERSION = YES;
				CLANG_WARN_OBJC_IMPLICIT_RETAIN_SELF = YES;
				CLANG_WARN_OBJC_LITERAL_CONVERSION = YES;
				CLANG_WARN_OBJC_ROOT_CLASS = YES_ERROR;
				CLANG_WARN_QUOTED_INCLUDE_IN_FRAMEWORK_HEADER = YES;
				CLANG_WARN_RANGE_LOOP_ANALYSIS = YES;
				CLANG_WARN_STRICT_PROTOTYPES = YES;
				CLANG_WARN_SUSPICIOUS_MOVE = YES;
				CLANG_WARN_UNGUARDED_AVAILABILITY = YES_AGGRESSIVE;
				CLANG_WARN_UNREACHABLE_CODE = YES;
				CLANG_WARN__DUPLICATE_METHOD_MATCH = YES;
				COPY_PHASE_STRIP = NO;
				DEBUG_INFORMATION_FORMAT = dwarf;
				ENABLE_STRICT_OBJC_MSGSEND = YES;
				ENABLE_TESTABILITY = YES;
				GCC_C_LANGUAGE_STANDARD = gnu11;
				GCC_DYNAMIC_NO_PIC = NO;
				GCC_NO_COMMON_BLOCKS = YES;
				GCC_OPTIMIZATION_LEVEL = 0;
				GCC_PREPROCESSOR_DEFINITIONS = (
					"DEBUG=1",
					"$(inherited)",
				);
				GCC_WARN_64_TO_32_BIT_CONVERSION = YES;
				GCC_WARN_ABOUT_RETURN_TYPE = YES_ERROR;
				GCC_WARN_UNDECLARED_SELECTOR = YES;
				GCC_WARN_UNINITIALIZED_AUTOS = YES_AGGRESSIVE;
				GCC_WARN_UNUSED_FUNCTION = YES;
				GCC_WARN_UNUSED_VARIABLE = YES;
				IPHONEOS_DEPLOYMENT_TARGET = 15.4;
				MTL_ENABLE_DEBUG_INFO = INCLUDE_SOURCE;
				MTL_FAST_MATH = YES;
				ONLY_ACTIVE_ARCH = YES;
				SDKROOT = iphoneos;
				SWIFT_ACTIVE_COMPILATION_CONDITIONS = DEBUG;
				SWIFT_OPTIMIZATION_LEVEL = "-Onone";
			};
			name = Debug;
		};
		2953AFB12803FFEB00396B74 /* Release */ = {
			isa = XCBuildConfiguration;
			buildSettings = {
				ALWAYS_SEARCH_USER_PATHS = NO;
				CLANG_ANALYZER_NONNULL = YES;
				CLANG_ANALYZER_NUMBER_OBJECT_CONVERSION = YES_AGGRESSIVE;
				CLANG_CXX_LANGUAGE_STANDARD = "gnu++17";
				CLANG_ENABLE_MODULES = YES;
				CLANG_ENABLE_OBJC_ARC = YES;
				CLANG_ENABLE_OBJC_WEAK = YES;
				CLANG_WARN_BLOCK_CAPTURE_AUTORELEASING = YES;
				CLANG_WARN_BOOL_CONVERSION = YES;
				CLANG_WARN_COMMA = YES;
				CLANG_WARN_CONSTANT_CONVERSION = YES;
				CLANG_WARN_DEPRECATED_OBJC_IMPLEMENTATIONS = YES;
				CLANG_WARN_DIRECT_OBJC_ISA_USAGE = YES_ERROR;
				CLANG_WARN_DOCUMENTATION_COMMENTS = YES;
				CLANG_WARN_EMPTY_BODY = YES;
				CLANG_WARN_ENUM_CONVERSION = YES;
				CLANG_WARN_INFINITE_RECURSION = YES;
				CLANG_WARN_INT_CONVERSION = YES;
				CLANG_WARN_NON_LITERAL_NULL_CONVERSION = YES;
				CLANG_WARN_OBJC_IMPLICIT_RETAIN_SELF = YES;
				CLANG_WARN_OBJC_LITERAL_CONVERSION = YES;
				CLANG_WARN_OBJC_ROOT_CLASS = YES_ERROR;
				CLANG_WARN_QUOTED_INCLUDE_IN_FRAMEWORK_HEADER = YES;
				CLANG_WARN_RANGE_LOOP_ANALYSIS = YES;
				CLANG_WARN_STRICT_PROTOTYPES = YES;
				CLANG_WARN_SUSPICIOUS_MOVE = YES;
				CLANG_WARN_UNGUARDED_AVAILABILITY = YES_AGGRESSIVE;
				CLANG_WARN_UNREACHABLE_CODE = YES;
				CLANG_WARN__DUPLICATE_METHOD_MATCH = YES;
				COPY_PHASE_STRIP = NO;
				DEBUG_INFORMATION_FORMAT = "dwarf-with-dsym";
				ENABLE_NS_ASSERTIONS = NO;
				ENABLE_STRICT_OBJC_MSGSEND = YES;
				GCC_C_LANGUAGE_STANDARD = gnu11;
				GCC_NO_COMMON_BLOCKS = YES;
				GCC_WARN_64_TO_32_BIT_CONVERSION = YES;
				GCC_WARN_ABOUT_RETURN_TYPE = YES_ERROR;
				GCC_WARN_UNDECLARED_SELECTOR = YES;
				GCC_WARN_UNINITIALIZED_AUTOS = YES_AGGRESSIVE;
				GCC_WARN_UNUSED_FUNCTION = YES;
				GCC_WARN_UNUSED_VARIABLE = YES;
				IPHONEOS_DEPLOYMENT_TARGET = 15.4;
				MTL_ENABLE_DEBUG_INFO = NO;
				MTL_FAST_MATH = YES;
				SDKROOT = iphoneos;
				SWIFT_COMPILATION_MODE = wholemodule;
				SWIFT_OPTIMIZATION_LEVEL = "-O";
				VALIDATE_PRODUCT = YES;
			};
			name = Release;
		};
		2953AFB32803FFEB00396B74 /* Debug */ = {
			isa = XCBuildConfiguration;
			buildSettings = {
				ASSETCATALOG_COMPILER_APPICON_NAME = AppIcon;
				ASSETCATALOG_COMPILER_GLOBAL_ACCENT_COLOR_NAME = AccentColor;
				CODE_SIGN_STYLE = Automatic;
				CURRENT_PROJECT_VERSION = 1;
				DEVELOPMENT_TEAM = 68YAY3V65J;
				GENERATE_INFOPLIST_FILE = YES;
				INFOPLIST_FILE = corso/Info.plist;
				INFOPLIST_KEY_UIApplicationSupportsIndirectInputEvents = YES;
				INFOPLIST_KEY_UILaunchStoryboardName = LaunchScreen;
				INFOPLIST_KEY_UIMainStoryboardFile = Main;
				INFOPLIST_KEY_UISupportedInterfaceOrientations_iPad = "UIInterfaceOrientationPortrait UIInterfaceOrientationPortraitUpsideDown UIInterfaceOrientationLandscapeLeft UIInterfaceOrientationLandscapeRight";
				INFOPLIST_KEY_UISupportedInterfaceOrientations_iPhone = "UIInterfaceOrientationPortrait UIInterfaceOrientationLandscapeLeft UIInterfaceOrientationLandscapeRight";
				LD_RUNPATH_SEARCH_PATHS = (
					"$(inherited)",
					"@executable_path/Frameworks",
				);
				MARKETING_VERSION = 1.0;
				PRODUCT_BUNDLE_IDENTIFIER = spoot.corso;
				PRODUCT_NAME = "$(TARGET_NAME)";
				SWIFT_EMIT_LOC_STRINGS = YES;
				SWIFT_VERSION = 5.0;
				TARGETED_DEVICE_FAMILY = "1,2";
			};
			name = Debug;
		};
		2953AFB42803FFEB00396B74 /* Release */ = {
			isa = XCBuildConfiguration;
			buildSettings = {
				ASSETCATALOG_COMPILER_APPICON_NAME = AppIcon;
				ASSETCATALOG_COMPILER_GLOBAL_ACCENT_COLOR_NAME = AccentColor;
				CODE_SIGN_STYLE = Automatic;
				CURRENT_PROJECT_VERSION = 1;
				DEVELOPMENT_TEAM = 68YAY3V65J;
				GENERATE_INFOPLIST_FILE = YES;
				INFOPLIST_FILE = corso/Info.plist;
				INFOPLIST_KEY_UIApplicationSupportsIndirectInputEvents = YES;
				INFOPLIST_KEY_UILaunchStoryboardName = LaunchScreen;
				INFOPLIST_KEY_UIMainStoryboardFile = Main;
				INFOPLIST_KEY_UISupportedInterfaceOrientations_iPad = "UIInterfaceOrientationPortrait UIInterfaceOrientationPortraitUpsideDown UIInterfaceOrientationLandscapeLeft UIInterfaceOrientationLandscapeRight";
				INFOPLIST_KEY_UISupportedInterfaceOrientations_iPhone = "UIInterfaceOrientationPortrait UIInterfaceOrientationLandscapeLeft UIInterfaceOrientationLandscapeRight";
				LD_RUNPATH_SEARCH_PATHS = (
					"$(inherited)",
					"@executable_path/Frameworks",
				);
				MARKETING_VERSION = 1.0;
				PRODUCT_BUNDLE_IDENTIFIER = spoot.corso;
				PRODUCT_NAME = "$(TARGET_NAME)";
				SWIFT_EMIT_LOC_STRINGS = YES;
				SWIFT_VERSION = 5.0;
				TARGETED_DEVICE_FAMILY = "1,2";
			};
			name = Release;
		};
		2953AFB62803FFEB00396B74 /* Debug */ = {
			isa = XCBuildConfiguration;
			buildSettings = {
				ALWAYS_EMBED_SWIFT_STANDARD_LIBRARIES = YES;
				BUNDLE_LOADER = "$(TEST_HOST)";
				CODE_SIGN_STYLE = Automatic;
				CURRENT_PROJECT_VERSION = 1;
				DEVELOPMENT_TEAM = 68YAY3V65J;
				GENERATE_INFOPLIST_FILE = YES;
				IPHONEOS_DEPLOYMENT_TARGET = 15.4;
				MARKETING_VERSION = 1.0;
				PRODUCT_BUNDLE_IDENTIFIER = spoot.corsoTests;
				PRODUCT_NAME = "$(TARGET_NAME)";
				SWIFT_EMIT_LOC_STRINGS = NO;
				SWIFT_VERSION = 5.0;
				TARGETED_DEVICE_FAMILY = "1,2";
				TEST_HOST = "$(BUILT_PRODUCTS_DIR)/corso.app/corso";
			};
			name = Debug;
		};
		2953AFB72803FFEB00396B74 /* Release */ = {
			isa = XCBuildConfiguration;
			buildSettings = {
				ALWAYS_EMBED_SWIFT_STANDARD_LIBRARIES = YES;
				BUNDLE_LOADER = "$(TEST_HOST)";
				CODE_SIGN_STYLE = Automatic;
				CURRENT_PROJECT_VERSION = 1;
				DEVELOPMENT_TEAM = 68YAY3V65J;
				GENERATE_INFOPLIST_FILE = YES;
				IPHONEOS_DEPLOYMENT_TARGET = 15.4;
				MARKETING_VERSION = 1.0;
				PRODUCT_BUNDLE_IDENTIFIER = spoot.corsoTests;
				PRODUCT_NAME = "$(TARGET_NAME)";
				SWIFT_EMIT_LOC_STRINGS = NO;
				SWIFT_VERSION = 5.0;
				TARGETED_DEVICE_FAMILY = "1,2";
				TEST_HOST = "$(BUILT_PRODUCTS_DIR)/corso.app/corso";
			};
			name = Release;
		};
		2953AFB92803FFEB00396B74 /* Debug */ = {
			isa = XCBuildConfiguration;
			buildSettings = {
				ALWAYS_EMBED_SWIFT_STANDARD_LIBRARIES = YES;
				CODE_SIGN_STYLE = Automatic;
				CURRENT_PROJECT_VERSION = 1;
				DEVELOPMENT_TEAM = 68YAY3V65J;
				GENERATE_INFOPLIST_FILE = YES;
				MARKETING_VERSION = 1.0;
				PRODUCT_BUNDLE_IDENTIFIER = spoot.corsoUITests;
				PRODUCT_NAME = "$(TARGET_NAME)";
				SWIFT_EMIT_LOC_STRINGS = NO;
				SWIFT_VERSION = 5.0;
				TARGETED_DEVICE_FAMILY = "1,2";
				TEST_TARGET_NAME = corso;
			};
			name = Debug;
		};
		2953AFBA2803FFEB00396B74 /* Release */ = {
			isa = XCBuildConfiguration;
			buildSettings = {
				ALWAYS_EMBED_SWIFT_STANDARD_LIBRARIES = YES;
				CODE_SIGN_STYLE = Automatic;
				CURRENT_PROJECT_VERSION = 1;
				DEVELOPMENT_TEAM = 68YAY3V65J;
				GENERATE_INFOPLIST_FILE = YES;
				MARKETING_VERSION = 1.0;
				PRODUCT_BUNDLE_IDENTIFIER = spoot.corsoUITests;
				PRODUCT_NAME = "$(TARGET_NAME)";
				SWIFT_EMIT_LOC_STRINGS = NO;
				SWIFT_VERSION = 5.0;
				TARGETED_DEVICE_FAMILY = "1,2";
				TEST_TARGET_NAME = corso;
			};
			name = Release;
		};
/* End XCBuildConfiguration section */

/* Begin XCConfigurationList section */
		2953AF832803FFEA00396B74 /* Build configuration list for PBXProject "corso" */ = {
			isa = XCConfigurationList;
			buildConfigurations = (
				2953AFB02803FFEB00396B74 /* Debug */,
				2953AFB12803FFEB00396B74 /* Release */,
			);
			defaultConfigurationIsVisible = 0;
			defaultConfigurationName = Release;
		};
		2953AFB22803FFEB00396B74 /* Build configuration list for PBXNativeTarget "corso" */ = {
			isa = XCConfigurationList;
			buildConfigurations = (
				2953AFB32803FFEB00396B74 /* Debug */,
				2953AFB42803FFEB00396B74 /* Release */,
			);
			defaultConfigurationIsVisible = 0;
			defaultConfigurationName = Release;
		};
		2953AFB52803FFEB00396B74 /* Build configuration list for PBXNativeTarget "corsoTests" */ = {
			isa = XCConfigurationList;
			buildConfigurations = (
				2953AFB62803FFEB00396B74 /* Debug */,
				2953AFB72803FFEB00396B74 /* Release */,
			);
			defaultConfigurationIsVisible = 0;
			defaultConfigurationName = Release;
		};
		2953AFB82803FFEB00396B74 /* Build configuration list for PBXNativeTarget "corsoUITests" */ = {
			isa = XCConfigurationList;
			buildConfigurations = (
				2953AFB92803FFEB00396B74 /* Debug */,
				2953AFBA2803FFEB00396B74 /* Release */,
			);
			defaultConfigurationIsVisible = 0;
			defaultConfigurationName = Release;
		};
/* End XCConfigurationList section */
	};
	rootObject = 2953AF802803FFEA00396B74 /* Project object */;
}
