// !$*UTF8*$!
{
	archiveVersion = 1;
	classes = {
	};
	objectVersion = 55;
	objects = {

/* Begin PBXBuildFile section */
		22338DC17C5BA7B194DD190F /* Pods_corso_corsoUITests.framework in Frameworks */ = {isa = PBXBuildFile; fileRef = F993DEB67153FC30AD013B1F /* Pods_corso_corsoUITests.framework */; };
		2953AF8C2803FFEA00396B74 /* AppDelegate.swift in Sources */ = {isa = PBXBuildFile; fileRef = 2953AF8B2803FFEA00396B74 /* AppDelegate.swift */; };
		2953AF8E2803FFEA00396B74 /* SceneDelegate.swift in Sources */ = {isa = PBXBuildFile; fileRef = 2953AF8D2803FFEA00396B74 /* SceneDelegate.swift */; };
		2953AF902803FFEA00396B74 /* ViewController.swift in Sources */ = {isa = PBXBuildFile; fileRef = 2953AF8F2803FFEA00396B74 /* ViewController.swift */; };
		2953AF932803FFEA00396B74 /* Main.storyboard in Resources */ = {isa = PBXBuildFile; fileRef = 2953AF912803FFEA00396B74 /* Main.storyboard */; };
		2953AF952803FFEB00396B74 /* Assets.xcassets in Resources */ = {isa = PBXBuildFile; fileRef = 2953AF942803FFEB00396B74 /* Assets.xcassets */; };
		2953AF982803FFEB00396B74 /* LaunchScreen.storyboard in Resources */ = {isa = PBXBuildFile; fileRef = 2953AF962803FFEB00396B74 /* LaunchScreen.storyboard */; };
		2953AFA32803FFEB00396B74 /* corsoTests.swift in Sources */ = {isa = PBXBuildFile; fileRef = 2953AFA22803FFEB00396B74 /* corsoTests.swift */; };
		2953AFAD2803FFEB00396B74 /* corsoUITests.swift in Sources */ = {isa = PBXBuildFile; fileRef = 2953AFAC2803FFEB00396B74 /* corsoUITests.swift */; };
		2953AFAF2803FFEB00396B74 /* corsoUITestsLaunchTests.swift in Sources */ = {isa = PBXBuildFile; fileRef = 2953AFAE2803FFEB00396B74 /* corsoUITestsLaunchTests.swift */; };
		296AF1B92804C88100BF9574 /* GoogleService-Info.plist in Resources */ = {isa = PBXBuildFile; fileRef = 296AF1B82804C88100BF9574 /* GoogleService-Info.plist */; };
		296AF1C72804EEFA00BF9574 /* NewsFeed.swift in Sources */ = {isa = PBXBuildFile; fileRef = 296AF1C62804EEFA00BF9574 /* NewsFeed.swift */; };
		296AF1C82804EEFA00BF9574 /* NewsFeed.swift in Sources */ = {isa = PBXBuildFile; fileRef = 296AF1C62804EEFA00BF9574 /* NewsFeed.swift */; };
		296AF1C92804EEFA00BF9574 /* NewsFeed.swift in Sources */ = {isa = PBXBuildFile; fileRef = 296AF1C62804EEFA00BF9574 /* NewsFeed.swift */; };
		296AF1CB2804EF9A00BF9574 /* Article.swift in Sources */ = {isa = PBXBuildFile; fileRef = 296AF1CA2804EF9A00BF9574 /* Article.swift */; };
		296AF1CC2804EF9A00BF9574 /* Article.swift in Sources */ = {isa = PBXBuildFile; fileRef = 296AF1CA2804EF9A00BF9574 /* Article.swift */; };
		296AF1CD2804EF9A00BF9574 /* Article.swift in Sources */ = {isa = PBXBuildFile; fileRef = 296AF1CA2804EF9A00BF9574 /* Article.swift */; };
		299EAC19280526E100B139A2 /* NewsApi.swift in Sources */ = {isa = PBXBuildFile; fileRef = 299EAC18280526E100B139A2 /* NewsApi.swift */; };
		299EAC1B280532C900B139A2 /* funcViewController.swift in Sources */ = {isa = PBXBuildFile; fileRef = 299EAC1A280532C900B139A2 /* funcViewController.swift */; };
		299EAC1D2805341700B139A2 /* TwoUIResponder.swift in Sources */ = {isa = PBXBuildFile; fileRef = 299EAC1C2805341700B139A2 /* TwoUIResponder.swift */; };
		9EE262065FF6F12F97192BBF /* Pods_corso.framework in Frameworks */ = {isa = PBXBuildFile; fileRef = BB0620A28DF938D31730BCFB /* Pods_corso.framework */; };
		B254238043CDB959AB37EB03 /* Pods_corsoTests.framework in Frameworks */ = {isa = PBXBuildFile; fileRef = F1669D735F72E1EBEC6F168D /* Pods_corsoTests.framework */; };
/* End PBXBuildFile section */

/* Begin PBXContainerItemProxy section */
		2953AF9F2803FFEB00396B74 /* PBXContainerItemProxy */ = {
			isa = PBXContainerItemProxy;
			containerPortal = 2953AF802803FFEA00396B74 /* Project object */;
			proxyType = 1;
			remoteGlobalIDString = 2953AF872803FFEA00396B74;
			remoteInfo = corso;
		};
		2953AFA92803FFEB00396B74 /* PBXContainerItemProxy */ = {
			isa = PBXContainerItemProxy;
			containerPortal = 2953AF802803FFEA00396B74 /* Project object */;
			proxyType = 1;
			remoteGlobalIDString = 2953AF872803FFEA00396B74;
			remoteInfo = corso;
		};
/* End PBXContainerItemProxy section */

/* Begin PBXFileReference section */
		15EC39683BB4FF69619226B6 /* Pods-corsoTests.release.xcconfig */ = {isa = PBXFileReference; includeInIndex = 1; lastKnownFileType = text.xcconfig; name = "Pods-corsoTests.release.xcconfig"; path = "Target Support Files/Pods-corsoTests/Pods-corsoTests.release.xcconfig"; sourceTree = "<group>"; };
		2953AF882803FFEA00396B74 /* corso.app */ = {isa = PBXFileReference; explicitFileType = wrapper.application; includeInIndex = 0; path = corso.app; sourceTree = BUILT_PRODUCTS_DIR; };
		2953AF8B2803FFEA00396B74 /* AppDelegate.swift */ = {isa = PBXFileReference; lastKnownFileType = sourcecode.swift; path = AppDelegate.swift; sourceTree = "<group>"; };
		2953AF8D2803FFEA00396B74 /* SceneDelegate.swift */ = {isa = PBXFileReference; lastKnownFileType = sourcecode.swift; path = SceneDelegate.swift; sourceTree = "<group>"; };
		2953AF8F2803FFEA00396B74 /* ViewController.swift */ = {isa = PBXFileReference; lastKnownFileType = sourcecode.swift; path = ViewController.swift; sourceTree = "<group>"; };
		2953AF922803FFEA00396B74 /* Base */ = {isa = PBXFileReference; lastKnownFileType = file.storyboard; name = Base; path = Base.lproj/Main.storyboard; sourceTree = "<group>"; };
		2953AF942803FFEB00396B74 /* Assets.xcassets */ = {isa = PBXFileReference; lastKnownFileType = folder.assetcatalog; path = Assets.xcassets; sourceTree = "<group>"; };
		2953AF972803FFEB00396B74 /* Base */ = {isa = PBXFileReference; lastKnownFileType = file.storyboard; name = Base; path = Base.lproj/LaunchScreen.storyboard; sourceTree = "<group>"; };
		2953AF992803FFEB00396B74 /* Info.plist */ = {isa = PBXFileReference; lastKnownFileType = text.plist.xml; path = Info.plist; sourceTree = "<group>"; };
		2953AF9E2803FFEB00396B74 /* corsoTests.xctest */ = {isa = PBXFileReference; explicitFileType = wrapper.cfbundle; includeInIndex = 0; path = corsoTests.xctest; sourceTree = BUILT_PRODUCTS_DIR; };
		2953AFA22803FFEB00396B74 /* corsoTests.swift */ = {isa = PBXFileReference; lastKnownFileType = sourcecode.swift; path = corsoTests.swift; sourceTree = "<group>"; };
		2953AFA82803FFEB00396B74 /* corsoUITests.xctest */ = {isa = PBXFileReference; explicitFileType = wrapper.cfbundle; includeInIndex = 0; path = corsoUITests.xctest; sourceTree = BUILT_PRODUCTS_DIR; };
		2953AFAC2803FFEB00396B74 /* corsoUITests.swift */ = {isa = PBXFileReference; lastKnownFileType = sourcecode.swift; path = corsoUITests.swift; sourceTree = "<group>"; };
		2953AFAE2803FFEB00396B74 /* corsoUITestsLaunchTests.swift */ = {isa = PBXFileReference; lastKnownFileType = sourcecode.swift; path = corsoUITestsLaunchTests.swift; sourceTree = "<group>"; };
		296AF1B82804C88100BF9574 /* GoogleService-Info.plist */ = {isa = PBXFileReference; fileEncoding = 4; lastKnownFileType = text.plist.xml; name = "GoogleService-Info.plist"; path = "../../Downloads/GoogleService-Info.plist"; sourceTree = "<group>"; };
		296AF1C62804EEFA00BF9574 /* NewsFeed.swift */ = {isa = PBXFileReference; lastKnownFileType = sourcecode.swift; path = NewsFeed.swift; sourceTree = "<group>"; };
		296AF1CA2804EF9A00BF9574 /* Article.swift */ = {isa = PBXFileReference; lastKnownFileType = sourcecode.swift; path = Article.swift; sourceTree = "<group>"; };
		299EAC18280526E100B139A2 /* NewsApi.swift */ = {isa = PBXFileReference; lastKnownFileType = sourcecode.swift; path = NewsApi.swift; sourceTree = "<group>"; };
		299EAC1A280532C900B139A2 /* funcViewController.swift */ = {isa = PBXFileReference; lastKnownFileType = sourcecode.swift; path = funcViewController.swift; sourceTree = "<group>"; };
		299EAC1C2805341700B139A2 /* TwoUIResponder.swift */ = {isa = PBXFileReference; lastKnownFileType = sourcecode.swift; path = TwoUIResponder.swift; sourceTree = "<group>"; };
		3DFD9132A0546EB8576F0FD6 /* Pods-corso-corsoUITests.release.xcconfig */ = {isa = PBXFileReference; includeInIndex = 1; lastKnownFileType = text.xcconfig; name = "Pods-corso-corsoUITests.release.xcconfig"; path = "Target Support Files/Pods-corso-corsoUITests/Pods-corso-corsoUITests.release.xcconfig"; sourceTree = "<group>"; };
		4EA36BF5D5232BDEB2CD74BB /* Pods-corso.release.xcconfig */ = {isa = PBXFileReference; includeInIndex = 1; lastKnownFileType = text.xcconfig; name = "Pods-corso.release.xcconfig"; path = "Target Support Files/Pods-corso/Pods-corso.release.xcconfig"; sourceTree = "<group>"; };
		80FA691D2DE673E270D14012 /* Pods-corso.debug.xcconfig */ = {isa = PBXFileReference; includeInIndex = 1; lastKnownFileType = text.xcconfig; name = "Pods-corso.debug.xcconfig"; path = "Target Support Files/Pods-corso/Pods-corso.debug.xcconfig"; sourceTree = "<group>"; };
		B862C6ECD93D8C7D34764C50 /* Pods-corsoTests.debug.xcconfig */ = {isa = PBXFileReference; includeInIndex = 1; lastKnownFileType = text.xcconfig; name = "Pods-corsoTests.debug.xcconfig"; path = "Target Support Files/Pods-corsoTests/Pods-corsoTests.debug.xcconfig"; sourceTree = "<group>"; };
		B898F8FFC647ED7CE6461870 /* Pods-corso-corsoUITests.debug.xcconfig */ = {isa = PBXFileReference; includeInIndex = 1; lastKnownFileType = text.xcconfig; name = "Pods-corso-corsoUITests.debug.xcconfig"; path = "Target Support Files/Pods-corso-corsoUITests/Pods-corso-corsoUITests.debug.xcconfig"; sourceTree = "<group>"; };
		BB0620A28DF938D31730BCFB /* Pods_corso.framework */ = {isa = PBXFileReference; explicitFileType = wrapper.framework; includeInIndex = 0; path = Pods_corso.framework; sourceTree = BUILT_PRODUCTS_DIR; };
		F1669D735F72E1EBEC6F168D /* Pods_corsoTests.framework */ = {isa = PBXFileReference; explicitFileType = wrapper.framework; includeInIndex = 0; path = Pods_corsoTests.framework; sourceTree = BUILT_PRODUCTS_DIR; };
		F993DEB67153FC30AD013B1F /* Pods_corso_corsoUITests.framework */ = {isa = PBXFileReference; explicitFileType = wrapper.framework; includeInIndex = 0; path = Pods_corso_corsoUITests.framework; sourceTree = BUILT_PRODUCTS_DIR; };
/* End PBXFileReference section */

/* Begin PBXFrameworksBuildPhase section */
		2953AF852803FFEA00396B74 /* Frameworks */ = {
			isa = PBXFrameworksBuildPhase;
			buildActionMask = 2147483647;
			files = (
				9EE262065FF6F12F97192BBF /* Pods_corso.framework in Frameworks */,
			);
			runOnlyForDeploymentPostprocessing = 0;
		};
		2953AF9B2803FFEB00396B74 /* Frameworks */ = {
			isa = PBXFrameworksBuildPhase;
			buildActionMask = 2147483647;
			files = (
				B254238043CDB959AB37EB03 /* Pods_corsoTests.framework in Frameworks */,
			);
			runOnlyForDeploymentPostprocessing = 0;
		};
		2953AFA52803FFEB00396B74 /* Frameworks */ = {
			isa = PBXFrameworksBuildPhase;
			buildActionMask = 2147483647;
			files = (
				22338DC17C5BA7B194DD190F /* Pods_corso_corsoUITests.framework in Frameworks */,
			);
			runOnlyForDeploymentPostprocessing = 0;
		};
/* End PBXFrameworksBuildPhase section */

/* Begin PBXGroup section */
		2953AF7F2803FFEA00396B74 = {
			isa = PBXGroup;
			children = (
				296AF1B82804C88100BF9574 /* GoogleService-Info.plist */,
				2953AF8A2803FFEA00396B74 /* corso */,
				2953AFA12803FFEB00396B74 /* corsoTests */,
				2953AFAB2803FFEB00396B74 /* corsoUITests */,
				2953AF892803FFEA00396B74 /* Products */,
				D886CDA24688BEF5FD442DF1 /* Pods */,
				EDA98F88A7B8EFFD6EEBDF6F /* Frameworks */,
			);
			sourceTree = "<group>";
		};
		2953AF892803FFEA00396B74 /* Products */ = {
			isa = PBXGroup;
			children = (
				2953AF882803FFEA00396B74 /* corso.app */,
				2953AF9E2803FFEB00396B74 /* corsoTests.xctest */,
				2953AFA82803FFEB00396B74 /* corsoUITests.xctest */,
			);
			name = Products;
			sourceTree = "<group>";
		};
		2953AF8A2803FFEA00396B74 /* corso */ = {
			isa = PBXGroup;
			children = (
				2953AF8B2803FFEA00396B74 /* AppDelegate.swift */,
				2953AF8D2803FFEA00396B74 /* SceneDelegate.swift */,
				2953AF8F2803FFEA00396B74 /* ViewController.swift */,
				2953AF912803FFEA00396B74 /* Main.storyboard */,
				2953AF962803FFEB00396B74 /* LaunchScreen.storyboard */,
				2953AF942803FFEB00396B74 /* Assets.xcassets */,
				2953AF992803FFEB00396B74 /* Info.plist */,
				296AF1C62804EEFA00BF9574 /* NewsFeed.swift */,
				296AF1CA2804EF9A00BF9574 /* Article.swift */,
				299EAC18280526E100B139A2 /* NewsApi.swift */,
				299EAC1A280532C900B139A2 /* funcViewController.swift */,
				299EAC1C2805341700B139A2 /* TwoUIResponder.swift */,
			);
			path = corso;
			sourceTree = "<group>";
		};
		2953AFA12803FFEB00396B74 /* corsoTests */ = {
			isa = PBXGroup;
			children = (
				2953AFA22803FFEB00396B74 /* corsoTests.swift */,
			);
			path = corsoTests;
			sourceTree = "<group>";
		};
		2953AFAB2803FFEB00396B74 /* corsoUITests */ = {
			isa = PBXGroup;
			children = (
				2953AFAC2803FFEB00396B74 /* corsoUITests.swift */,
				2953AFAE2803FFEB00396B74 /* corsoUITestsLaunchTests.swift */,
			);
			path = corsoUITests;
			sourceTree = "<group>";
		};
		D886CDA24688BEF5FD442DF1 /* Pods */ = {
			isa = PBXGroup;
			children = (
				80FA691D2DE673E270D14012 /* Pods-corso.debug.xcconfig */,
				4EA36BF5D5232BDEB2CD74BB /* Pods-corso.release.xcconfig */,
				B898F8FFC647ED7CE6461870 /* Pods-corso-corsoUITests.debug.xcconfig */,
				3DFD9132A0546EB8576F0FD6 /* Pods-corso-corsoUITests.release.xcconfig */,
				B862C6ECD93D8C7D34764C50 /* Pods-corsoTests.debug.xcconfig */,
				15EC39683BB4FF69619226B6 /* Pods-corsoTests.release.xcconfig */,
			);
			path = Pods;
			sourceTree = "<group>";
		};
		EDA98F88A7B8EFFD6EEBDF6F /* Frameworks */ = {
			isa = PBXGroup;
			children = (
				BB0620A28DF938D31730BCFB /* Pods_corso.framework */,
				F993DEB67153FC30AD013B1F /* Pods_corso_corsoUITests.framework */,
				F1669D735F72E1EBEC6F168D /* Pods_corsoTests.framework */,
			);
			name = Frameworks;
			sourceTree = "<group>";
		};
/* End PBXGroup section */

/* Begin PBXNativeTarget section */
		2953AF872803FFEA00396B74 /* corso */ = {
			isa = PBXNativeTarget;
			buildConfigurationList = 2953AFB22803FFEB00396B74 /* Build configuration list for PBXNativeTarget "corso" */;
			buildPhases = (
				AED82557E50F808CE66AC1B5 /* [CP] Check Pods Manifest.lock */,
				2953AF842803FFEA00396B74 /* Sources */,
				2953AF852803FFEA00396B74 /* Frameworks */,
				2953AF862803FFEA00396B74 /* Resources */,
				2E488872E02587995CCE04F8 /* [CP] Embed Pods Frameworks */,
			);
			buildRules = (
			);
			dependencies = (
			);
			name = corso;
			packageProductDependencies = (
			);
			productName = corso;
			productReference = 2953AF882803FFEA00396B74 /* corso.app */;
			productType = "com.apple.product-type.application";
		};
		2953AF9D2803FFEB00396B74 /* corsoTests */ = {
			isa = PBXNativeTarget;
			buildConfigurationList = 2953AFB52803FFEB00396B74 /* Build configuration list for PBXNativeTarget "corsoTests" */;
			buildPhases = (
				D264A95A7E3B1E32760F58DD /* [CP] Check Pods Manifest.lock */,
				2953AF9A2803FFEB00396B74 /* Sources */,
				2953AF9B2803FFEB00396B74 /* Frameworks */,
				2953AF9C2803FFEB00396B74 /* Resources */,
			);
			buildRules = (
			);
			dependencies = (
				2953AFA02803FFEB00396B74 /* PBXTargetDependency */,
			);
			name = corsoTests;
			productName = corsoTests;
			productReference = 2953AF9E2803FFEB00396B74 /* corsoTests.xctest */;
			productType = "com.apple.product-type.bundle.unit-test";
		};
		2953AFA72803FFEB00396B74 /* corsoUITests */ = {
			isa = PBXNativeTarget;
			buildConfigurationList = 2953AFB82803FFEB00396B74 /* Build configuration list for PBXNativeTarget "corsoUITests" */;
			buildPhases = (
				8B5FFEB137746C259434CB21 /* [CP] Check Pods Manifest.lock */,
				2953AFA42803FFEB00396B74 /* Sources */,
				2953AFA52803FFEB00396B74 /* Frameworks */,
				2953AFA62803FFEB00396B74 /* Resources */,
				7FE0F1C9DAA690EA71180A80 /* [CP] Embed Pods Frameworks */,
			);
			buildRules = (
			);
			dependencies = (
				2953AFAA2803FFEB00396B74 /* PBXTargetDependency */,
			);
			name = corsoUITests;
			productName = corsoUITests;
			productReference = 2953AFA82803FFEB00396B74 /* corsoUITests.xctest */;
			productType = "com.apple.product-type.bundle.ui-testing";
		};
/* End PBXNativeTarget section */

/* Begin PBXProject section */
		2953AF802803FFEA00396B74 /* Project object */ = {
			isa = PBXProject;
			attributes = {
				BuildIndependentTargetsInParallel = 1;
				LastSwiftUpdateCheck = 1330;
				LastUpgradeCheck = 1330;
				TargetAttributes = {
					2953AF872803FFEA00396B74 = {
						CreatedOnToolsVersion = 13.3;
					};
					2953AF9D2803FFEB00396B74 = {
						CreatedOnToolsVersion = 13.3;
						TestTargetID = 2953AF872803FFEA00396B74;
					};
					2953AFA72803FFEB00396B74 = {
						CreatedOnToolsVersion = 13.3;
						TestTargetID = 2953AF872803FFEA00396B74;
					};
				};
			};
			buildConfigurationList = 2953AF832803FFEA00396B74 /* Build configuration list for PBXProject "corso" */;
			compatibilityVersion = "Xcode 13.0";
			developmentRegion = en;
			hasScannedForEncodings = 0;
			knownRegions = (
				en,
				Base,
			);
			mainGroup = 2953AF7F2803FFEA00396B74;
			packageReferences = (
			);
			productRefGroup = 2953AF892803FFEA00396B74 /* Products */;
			projectDirPath = "";
			projectRoot = "";
			targets = (
				2953AF872803FFEA00396B74 /* corso */,
				2953AF9D2803FFEB00396B74 /* corsoTests */,
				2953AFA72803FFEB00396B74 /* corsoUITests */,
			);
		};
/* End PBXProject section */

/* Begin PBXResourcesBuildPhase section */
		2953AF862803FFEA00396B74 /* Resources */ = {
			isa = PBXResourcesBuildPhase;
			buildActionMask = 2147483647;
			files = (
				2953AF982803FFEB00396B74 /* LaunchScreen.storyboard in Resources */,
				296AF1B92804C88100BF9574 /* GoogleService-Info.plist in Resources */,
				2953AF952803FFEB00396B74 /* Assets.xcassets in Resources */,
				2953AF932803FFEA00396B74 /* Main.storyboard in Resources */,
			);
			runOnlyForDeploymentPostprocessing = 0;
		};
		2953AF9C2803FFEB00396B74 /* Resources */ = {
			isa = PBXResourcesBuildPhase;
			buildActionMask = 2147483647;
			files = (
			);
			runOnlyForDeploymentPostprocessing = 0;
		};
		2953AFA62803FFEB00396B74 /* Resources */ = {
			isa = PBXResourcesBuildPhase;
			buildActionMask = 2147483647;
			files = (
			);
			runOnlyForDeploymentPostprocessing = 0;
		};
/* End PBXResourcesBuildPhase section */

/* Begin PBXShellScriptBuildPhase section */
		2E488872E02587995CCE04F8 /* [CP] Embed Pods Frameworks */ = {
			isa = PBXShellScriptBuildPhase;
			buildActionMask = 2147483647;
			files = (
			);
			inputFileListPaths = (
				"${PODS_ROOT}/Target Support Files/Pods-corso/Pods-corso-frameworks-${CONFIGURATION}-input-files.xcfilelist",
			);
			name = "[CP] Embed Pods Frameworks";
			outputFileListPaths = (
				"${PODS_ROOT}/Target Support Files/Pods-corso/Pods-corso-frameworks-${CONFIGURATION}-output-files.xcfilelist",
			);
			runOnlyForDeploymentPostprocessing = 0;
			shellPath = /bin/sh;
			shellScript = "\"${PODS_ROOT}/Target Support Files/Pods-corso/Pods-corso-frameworks.sh\"\n";
			showEnvVarsInLog = 0;
		};
		7FE0F1C9DAA690EA71180A80 /* [CP] Embed Pods Frameworks */ = {
			isa = PBXShellScriptBuildPhase;
			buildActionMask = 2147483647;
			files = (
			);
			inputFileListPaths = (
				"${PODS_ROOT}/Target Support Files/Pods-corso-corsoUITests/Pods-corso-corsoUITests-frameworks-${CONFIGURATION}-input-files.xcfilelist",
			);
			name = "[CP] Embed Pods Frameworks";
			outputFileListPaths = (
				"${PODS_ROOT}/Target Support Files/Pods-corso-corsoUITests/Pods-corso-corsoUITests-frameworks-${CONFIGURATION}-output-files.xcfilelist",
			);
			runOnlyForDeploymentPostprocessing = 0;
			shellPath = /bin/sh;
			shellScript = "\"${PODS_ROOT}/Target Support Files/Pods-corso-corsoUITests/Pods-corso-corsoUITests-frameworks.sh\"\n";
			showEnvVarsInLog = 0;
		};
		8B5FFEB137746C259434CB21 /* [CP] Check Pods Manifest.lock */ = {
			isa = PBXShellScriptBuildPhase;
			buildActionMask = 2147483647;
			files = (
			);
			inputFileListPaths = (
			);
			inputPaths = (
				"${PODS_PODFILE_DIR_PATH}/Podfile.lock",
				"${PODS_ROOT}/Manifest.lock",
			);
			name = "[CP] Check Pods Manifest.lock";
			outputFileListPaths = (
			);
			outputPaths = (
				"$(DERIVED_FILE_DIR)/Pods-corso-corsoUITests-checkManifestLockResult.txt",
			);
			runOnlyForDeploymentPostprocessing = 0;
			shellPath = /bin/sh;
			shellScript = "diff \"${PODS_PODFILE_DIR_PATH}/Podfile.lock\" \"${PODS_ROOT}/Manifest.lock\" > /dev/null\nif [ $? != 0 ] ; then\n    # print error to STDERR\n    echo \"error: The sandbox is not in sync with the Podfile.lock. Run 'pod install' or update your CocoaPods installation.\" >&2\n    exit 1\nfi\n# This output is used by Xcode 'outputs' to avoid re-running this script phase.\necho \"SUCCESS\" > \"${SCRIPT_OUTPUT_FILE_0}\"\n";
			showEnvVarsInLog = 0;
		};
		AED82557E50F808CE66AC1B5 /* [CP] Check Pods Manifest.lock */ = {
			isa = PBXShellScriptBuildPhase;
			buildActionMask = 2147483647;
			files = (
			);
			inputFileListPaths = (
			);
			inputPaths = (
				"${PODS_PODFILE_DIR_PATH}/Podfile.lock",
				"${PODS_ROOT}/Manifest.lock",
			);
			name = "[CP] Check Pods Manifest.lock";
			outputFileListPaths = (
			);
			outputPaths = (
				"$(DERIVED_FILE_DIR)/Pods-corso-checkManifestLockResult.txt",
			);
			runOnlyForDeploymentPostprocessing = 0;
			shellPath = /bin/sh;
			shellScript = "diff \"${PODS_PODFILE_DIR_PATH}/Podfile.lock\" \"${PODS_ROOT}/Manifest.lock\" > /dev/null\nif [ $? != 0 ] ; then\n    # print error to STDERR\n    echo \"error: The sandbox is not in sync with the Podfile.lock. Run 'pod install' or update your CocoaPods installation.\" >&2\n    exit 1\nfi\n# This output is used by Xcode 'outputs' to avoid re-running this script phase.\necho \"SUCCESS\" > \"${SCRIPT_OUTPUT_FILE_0}\"\n";
			showEnvVarsInLog = 0;
		};
		D264A95A7E3B1E32760F58DD /* [CP] Check Pods Manifest.lock */ = {
			isa = PBXShellScriptBuildPhase;
			buildActionMask = 2147483647;
			files = (
			);
			inputFileListPaths = (
			);
			inputPaths = (
				"${PODS_PODFILE_DIR_PATH}/Podfile.lock",
				"${PODS_ROOT}/Manifest.lock",
			);
			name = "[CP] Check Pods Manifest.lock";
			outputFileListPaths = (
			);
			outputPaths = (
				"$(DERIVED_FILE_DIR)/Pods-corsoTests-checkManifestLockResult.txt",
			);
			runOnlyForDeploymentPostprocessing = 0;
			shellPath = /bin/sh;
			shellScript = "diff \"${PODS_PODFILE_DIR_PATH}/Podfile.lock\" \"${PODS_ROOT}/Manifest.lock\" > /dev/null\nif [ $? != 0 ] ; then\n    # print error to STDERR\n    echo \"error: The sandbox is not in sync with the Podfile.lock. Run 'pod install' or update your CocoaPods installation.\" >&2\n    exit 1\nfi\n# This output is used by Xcode 'outputs' to avoid re-running this script phase.\necho \"SUCCESS\" > \"${SCRIPT_OUTPUT_FILE_0}\"\n";
			showEnvVarsInLog = 0;
		};
/* End PBXShellScriptBuildPhase section */

/* Begin PBXSourcesBuildPhase section */
		2953AF842803FFEA00396B74 /* Sources */ = {
			isa = PBXSourcesBuildPhase;
			buildActionMask = 2147483647;
			files = (
				2953AF902803FFEA00396B74 /* ViewController.swift in Sources */,
				299EAC1D2805341700B139A2 /* TwoUIResponder.swift in Sources */,
				299EAC19280526E100B139A2 /* NewsApi.swift in Sources */,
				2953AF8C2803FFEA00396B74 /* AppDelegate.swift in Sources */,
				299EAC1B280532C900B139A2 /* funcViewController.swift in Sources */,
				296AF1C72804EEFA00BF9574 /* NewsFeed.swift in Sources */,
				2953AF8E2803FFEA00396B74 /* SceneDelegate.swift in Sources */,
				296AF1CB2804EF9A00BF9574 /* Article.swift in Sources */,
			);
			runOnlyForDeploymentPostprocessing = 0;
		};
		2953AF9A2803FFEB00396B74 /* Sources */ = {
			isa = PBXSourcesBuildPhase;
			buildActionMask = 2147483647;
			files = (
				296AF1C82804EEFA00BF9574 /* NewsFeed.swift in Sources */,
				2953AFA32803FFEB00396B74 /* corsoTests.swift in Sources */,
				296AF1CC2804EF9A00BF9574 /* Article.swift in Sources */,
			);
			runOnlyForDeploymentPostprocessing = 0;
		};
		2953AFA42803FFEB00396B74 /* Sources */ = {
			isa = PBXSourcesBuildPhase;
			buildActionMask = 2147483647;
			files = (
				296AF1CD2804EF9A00BF9574 /* Article.swift in Sources */,
				296AF1C92804EEFA00BF9574 /* NewsFeed.swift in Sources */,
				2953AFAD2803FFEB00396B74 /* corsoUITests.swift in Sources */,
				2953AFAF2803FFEB00396B74 /* corsoUITestsLaunchTests.swift in Sources */,
			);
			runOnlyForDeploymentPostprocessing = 0;
		};
/* End PBXSourcesBuildPhase section */

/* Begin PBXTargetDependency section */
		2953AFA02803FFEB00396B74 /* PBXTargetDependency */ = {
			isa = PBXTargetDependency;
			target = 2953AF872803FFEA00396B74 /* corso */;
			targetProxy = 2953AF9F2803FFEB00396B74 /* PBXContainerItemProxy */;
		};
		2953AFAA2803FFEB00396B74 /* PBXTargetDependency */ = {
			isa = PBXTargetDependency;
			target = 2953AF872803FFEA00396B74 /* corso */;
			targetProxy = 2953AFA92803FFEB00396B74 /* PBXContainerItemProxy */;
		};
/* End PBXTargetDependency section */

/* Begin PBXVariantGroup section */
		2953AF912803FFEA00396B74 /* Main.storyboard */ = {
			isa = PBXVariantGroup;
			children = (
				2953AF922803FFEA00396B74 /* Base */,
			);
			name = Main.storyboard;
			sourceTree = "<group>";
		};
		2953AF962803FFEB00396B74 /* LaunchScreen.storyboard */ = {
			isa = PBXVariantGroup;
			children = (
				2953AF972803FFEB00396B74 /* Base */,
			);
			name = LaunchScreen.storyboard;
			sourceTree = "<group>";
		};
/* End PBXVariantGroup section */

/* Begin XCBuildConfiguration section */
		2953AFB02803FFEB00396B74 /* Debug */ = {
			isa = XCBuildConfiguration;
			buildSettings = {
				ALWAYS_SEARCH_USER_PATHS = NO;
				CLANG_ANALYZER_NONNULL = YES;
				CLANG_ANALYZER_NUMBER_OBJECT_CONVERSION = YES_AGGRESSIVE;
				CLANG_CXX_LANGUAGE_STANDARD = "gnu++17";
				CLANG_ENABLE_MODULES = YES;
				CLANG_ENABLE_OBJC_ARC = YES;
				CLANG_ENABLE_OBJC_WEAK = YES;
				CLANG_WARN_BLOCK_CAPTURE_AUTORELEASING = YES;
				CLANG_WARN_BOOL_CONVERSION = YES;
				CLANG_WARN_COMMA = YES;
				CLANG_WARN_CONSTANT_CONVERSION = YES;
				CLANG_WARN_DEPRECATED_OBJC_IMPLEMENTATIONS = YES;
				CLANG_WARN_DIRECT_OBJC_ISA_USAGE = YES_ERROR;
				CLANG_WARN_DOCUMENTATION_COMMENTS = YES;
				CLANG_WARN_EMPTY_BODY = YES;
				CLANG_WARN_ENUM_CONVERSION = YES;
				CLANG_WARN_INFINITE_RECURSION = YES;
				CLANG_WARN_INT_CONVERSION = YES;
				CLANG_WARN_NON_LITERAL_NULL_CONVERSION = YES;
				CLANG_WARN_OBJC_IMPLICIT_RETAIN_SELF = YES;
				CLANG_WARN_OBJC_LITERAL_CONVERSION = YES;
				CLANG_WARN_OBJC_ROOT_CLASS = YES_ERROR;
				CLANG_WARN_QUOTED_INCLUDE_IN_FRAMEWORK_HEADER = YES;
				CLANG_WARN_RANGE_LOOP_ANALYSIS = YES;
				CLANG_WARN_STRICT_PROTOTYPES = YES;
				CLANG_WARN_SUSPICIOUS_MOVE = YES;
				CLANG_WARN_UNGUARDED_AVAILABILITY = YES_AGGRESSIVE;
				CLANG_WARN_UNREACHABLE_CODE = YES;
				CLANG_WARN__DUPLICATE_METHOD_MATCH = YES;
				COPY_PHASE_STRIP = NO;
				DEBUG_INFORMATION_FORMAT = dwarf;
				ENABLE_STRICT_OBJC_MSGSEND = YES;
				ENABLE_TESTABILITY = YES;
				GCC_C_LANGUAGE_STANDARD = gnu11;
				GCC_DYNAMIC_NO_PIC = NO;
				GCC_NO_COMMON_BLOCKS = YES;
				GCC_OPTIMIZATION_LEVEL = 0;
				GCC_PREPROCESSOR_DEFINITIONS = (
					"DEBUG=1",
					"$(inherited)",
				);
				GCC_WARN_64_TO_32_BIT_CONVERSION = YES;
				GCC_WARN_ABOUT_RETURN_TYPE = YES_ERROR;
				GCC_WARN_UNDECLARED_SELECTOR = YES;
				GCC_WARN_UNINITIALIZED_AUTOS = YES_AGGRESSIVE;
				GCC_WARN_UNUSED_FUNCTION = YES;
				GCC_WARN_UNUSED_VARIABLE = YES;
				IPHONEOS_DEPLOYMENT_TARGET = 15.4;
				MTL_ENABLE_DEBUG_INFO = INCLUDE_SOURCE;
				MTL_FAST_MATH = YES;
				ONLY_ACTIVE_ARCH = YES;
				SDKROOT = iphoneos;
				SWIFT_ACTIVE_COMPILATION_CONDITIONS = DEBUG;
				SWIFT_OPTIMIZATION_LEVEL = "-Onone";
			};
			name = Debug;
		};
		2953AFB12803FFEB00396B74 /* Release */ = {
			isa = XCBuildConfiguration;
			buildSettings = {
				ALWAYS_SEARCH_USER_PATHS = NO;
				CLANG_ANALYZER_NONNULL = YES;
				CLANG_ANALYZER_NUMBER_OBJECT_CONVERSION = YES_AGGRESSIVE;
				CLANG_CXX_LANGUAGE_STANDARD = "gnu++17";
				CLANG_ENABLE_MODULES = YES;
				CLANG_ENABLE_OBJC_ARC = YES;
				CLANG_ENABLE_OBJC_WEAK = YES;
				CLANG_WARN_BLOCK_CAPTURE_AUTORELEASING = YES;
				CLANG_WARN_BOOL_CONVERSION = YES;
				CLANG_WARN_COMMA = YES;
				CLANG_WARN_CONSTANT_CONVERSION = YES;
				CLANG_WARN_DEPRECATED_OBJC_IMPLEMENTATIONS = YES;
				CLANG_WARN_DIRECT_OBJC_ISA_USAGE = YES_ERROR;
				CLANG_WARN_DOCUMENTATION_COMMENTS = YES;
				CLANG_WARN_EMPTY_BODY = YES;
				CLANG_WARN_ENUM_CONVERSION = YES;
				CLANG_WARN_INFINITE_RECURSION = YES;
				CLANG_WARN_INT_CONVERSION = YES;
				CLANG_WARN_NON_LITERAL_NULL_CONVERSION = YES;
				CLANG_WARN_OBJC_IMPLICIT_RETAIN_SELF = YES;
				CLANG_WARN_OBJC_LITERAL_CONVERSION = YES;
				CLANG_WARN_OBJC_ROOT_CLASS = YES_ERROR;
				CLANG_WARN_QUOTED_INCLUDE_IN_FRAMEWORK_HEADER = YES;
				CLANG_WARN_RANGE_LOOP_ANALYSIS = YES;
				CLANG_WARN_STRICT_PROTOTYPES = YES;
				CLANG_WARN_SUSPICIOUS_MOVE = YES;
				CLANG_WARN_UNGUARDED_AVAILABILITY = YES_AGGRESSIVE;
				CLANG_WARN_UNREACHABLE_CODE = YES;
				CLANG_WARN__DUPLICATE_METHOD_MATCH = YES;
				COPY_PHASE_STRIP = NO;
				DEBUG_INFORMATION_FORMAT = "dwarf-with-dsym";
				ENABLE_NS_ASSERTIONS = NO;
				ENABLE_STRICT_OBJC_MSGSEND = YES;
				GCC_C_LANGUAGE_STANDARD = gnu11;
				GCC_NO_COMMON_BLOCKS = YES;
				GCC_WARN_64_TO_32_BIT_CONVERSION = YES;
				GCC_WARN_ABOUT_RETURN_TYPE = YES_ERROR;
				GCC_WARN_UNDECLARED_SELECTOR = YES;
				GCC_WARN_UNINITIALIZED_AUTOS = YES_AGGRESSIVE;
				GCC_WARN_UNUSED_FUNCTION = YES;
				GCC_WARN_UNUSED_VARIABLE = YES;
				IPHONEOS_DEPLOYMENT_TARGET = 15.4;
				MTL_ENABLE_DEBUG_INFO = NO;
				MTL_FAST_MATH = YES;
				SDKROOT = iphoneos;
				SWIFT_COMPILATION_MODE = wholemodule;
				SWIFT_OPTIMIZATION_LEVEL = "-O";
				VALIDATE_PRODUCT = YES;
			};
			name = Release;
		};
		2953AFB32803FFEB00396B74 /* Debug */ = {
			isa = XCBuildConfiguration;
			baseConfigurationReference = 80FA691D2DE673E270D14012 /* Pods-corso.debug.xcconfig */;
			buildSettings = {
				ASSETCATALOG_COMPILER_APPICON_NAME = AppIcon;
				ASSETCATALOG_COMPILER_GLOBAL_ACCENT_COLOR_NAME = AccentColor;
				CODE_SIGN_STYLE = Automatic;
				CURRENT_PROJECT_VERSION = 1;
				DEVELOPMENT_TEAM = 68YAY3V65J;
				GENERATE_INFOPLIST_FILE = YES;
				INFOPLIST_FILE = corso/Info.plist;
				INFOPLIST_KEY_UIApplicationSupportsIndirectInputEvents = YES;
				INFOPLIST_KEY_UILaunchStoryboardName = LaunchScreen;
				INFOPLIST_KEY_UIMainStoryboardFile = Main;
				INFOPLIST_KEY_UISupportedInterfaceOrientations_iPad = "UIInterfaceOrientationPortrait UIInterfaceOrientationPortraitUpsideDown UIInterfaceOrientationLandscapeLeft UIInterfaceOrientationLandscapeRight";
				INFOPLIST_KEY_UISupportedInterfaceOrientations_iPhone = "UIInterfaceOrientationPortrait UIInterfaceOrientationLandscapeLeft UIInterfaceOrientationLandscapeRight";
				LD_RUNPATH_SEARCH_PATHS = (
					"$(inherited)",
					"@executable_path/Frameworks",
				);
				MARKETING_VERSION = 1.0;
				PRODUCT_BUNDLE_IDENTIFIER = spoot.corso;
				PRODUCT_NAME = "$(TARGET_NAME)";
				SWIFT_EMIT_LOC_STRINGS = YES;
				SWIFT_VERSION = 5.0;
				TARGETED_DEVICE_FAMILY = "1,2";
			};
			name = Debug;
		};
		2953AFB42803FFEB00396B74 /* Release */ = {
			isa = XCBuildConfiguration;
			baseConfigurationReference = 4EA36BF5D5232BDEB2CD74BB /* Pods-corso.release.xcconfig */;
			buildSettings = {
				ASSETCATALOG_COMPILER_APPICON_NAME = AppIcon;
				ASSETCATALOG_COMPILER_GLOBAL_ACCENT_COLOR_NAME = AccentColor;
				CODE_SIGN_STYLE = Automatic;
				CURRENT_PROJECT_VERSION = 1;
				DEVELOPMENT_TEAM = 68YAY3V65J;
				GENERATE_INFOPLIST_FILE = YES;
				INFOPLIST_FILE = corso/Info.plist;
				INFOPLIST_KEY_UIApplicationSupportsIndirectInputEvents = YES;
				INFOPLIST_KEY_UILaunchStoryboardName = LaunchScreen;
				INFOPLIST_KEY_UIMainStoryboardFile = Main;
				INFOPLIST_KEY_UISupportedInterfaceOrientations_iPad = "UIInterfaceOrientationPortrait UIInterfaceOrientationPortraitUpsideDown UIInterfaceOrientationLandscapeLeft UIInterfaceOrientationLandscapeRight";
				INFOPLIST_KEY_UISupportedInterfaceOrientations_iPhone = "UIInterfaceOrientationPortrait UIInterfaceOrientationLandscapeLeft UIInterfaceOrientationLandscapeRight";
				LD_RUNPATH_SEARCH_PATHS = (
					"$(inherited)",
					"@executable_path/Frameworks",
				);
				MARKETING_VERSION = 1.0;
				PRODUCT_BUNDLE_IDENTIFIER = spoot.corso;
				PRODUCT_NAME = "$(TARGET_NAME)";
				SWIFT_EMIT_LOC_STRINGS = YES;
				SWIFT_VERSION = 5.0;
				TARGETED_DEVICE_FAMILY = "1,2";
			};
			name = Release;
		};
		2953AFB62803FFEB00396B74 /* Debug */ = {
			isa = XCBuildConfiguration;
			baseConfigurationReference = B862C6ECD93D8C7D34764C50 /* Pods-corsoTests.debug.xcconfig */;
			buildSettings = {
				ALWAYS_EMBED_SWIFT_STANDARD_LIBRARIES = YES;
				BUNDLE_LOADER = "$(TEST_HOST)";
				CODE_SIGN_STYLE = Automatic;
				CURRENT_PROJECT_VERSION = 1;
				DEVELOPMENT_TEAM = 68YAY3V65J;
				GENERATE_INFOPLIST_FILE = YES;
				IPHONEOS_DEPLOYMENT_TARGET = 15.4;
				MARKETING_VERSION = 1.0;
				PRODUCT_BUNDLE_IDENTIFIER = spoot.corsoTests;
				PRODUCT_NAME = "$(TARGET_NAME)";
				SWIFT_EMIT_LOC_STRINGS = NO;
				SWIFT_VERSION = 5.0;
				TARGETED_DEVICE_FAMILY = "1,2";
				TEST_HOST = "$(BUILT_PRODUCTS_DIR)/corso.app/corso";
			};
			name = Debug;
		};
		2953AFB72803FFEB00396B74 /* Release */ = {
			isa = XCBuildConfiguration;
			baseConfigurationReference = 15EC39683BB4FF69619226B6 /* Pods-corsoTests.release.xcconfig */;
			buildSettings = {
				ALWAYS_EMBED_SWIFT_STANDARD_LIBRARIES = YES;
				BUNDLE_LOADER = "$(TEST_HOST)";
				CODE_SIGN_STYLE = Automatic;
				CURRENT_PROJECT_VERSION = 1;
				DEVELOPMENT_TEAM = 68YAY3V65J;
				GENERATE_INFOPLIST_FILE = YES;
				IPHONEOS_DEPLOYMENT_TARGET = 15.4;
				MARKETING_VERSION = 1.0;
				PRODUCT_BUNDLE_IDENTIFIER = spoot.corsoTests;
				PRODUCT_NAME = "$(TARGET_NAME)";
				SWIFT_EMIT_LOC_STRINGS = NO;
				SWIFT_VERSION = 5.0;
				TARGETED_DEVICE_FAMILY = "1,2";
				TEST_HOST = "$(BUILT_PRODUCTS_DIR)/corso.app/corso";
			};
			name = Release;
		};
		2953AFB92803FFEB00396B74 /* Debug */ = {
			isa = XCBuildConfiguration;
			baseConfigurationReference = B898F8FFC647ED7CE6461870 /* Pods-corso-corsoUITests.debug.xcconfig */;
			buildSettings = {
				ALWAYS_EMBED_SWIFT_STANDARD_LIBRARIES = YES;
				CODE_SIGN_STYLE = Automatic;
				CURRENT_PROJECT_VERSION = 1;
				DEVELOPMENT_TEAM = 68YAY3V65J;
				GENERATE_INFOPLIST_FILE = YES;
				MARKETING_VERSION = 1.0;
				PRODUCT_BUNDLE_IDENTIFIER = spoot.corsoUITests;
				PRODUCT_NAME = "$(TARGET_NAME)";
				SWIFT_EMIT_LOC_STRINGS = NO;
				SWIFT_VERSION = 5.0;
				TARGETED_DEVICE_FAMILY = "1,2";
				TEST_TARGET_NAME = corso;
			};
			name = Debug;
		};
		2953AFBA2803FFEB00396B74 /* Release */ = {
			isa = XCBuildConfiguration;
			baseConfigurationReference = 3DFD9132A0546EB8576F0FD6 /* Pods-corso-corsoUITests.release.xcconfig */;
			buildSettings = {
				ALWAYS_EMBED_SWIFT_STANDARD_LIBRARIES = YES;
				CODE_SIGN_STYLE = Automatic;
				CURRENT_PROJECT_VERSION = 1;
				DEVELOPMENT_TEAM = 68YAY3V65J;
				GENERATE_INFOPLIST_FILE = YES;
				MARKETING_VERSION = 1.0;
				PRODUCT_BUNDLE_IDENTIFIER = spoot.corsoUITests;
				PRODUCT_NAME = "$(TARGET_NAME)";
				SWIFT_EMIT_LOC_STRINGS = NO;
				SWIFT_VERSION = 5.0;
				TARGETED_DEVICE_FAMILY = "1,2";
				TEST_TARGET_NAME = corso;
			};
			name = Release;
		};
/* End XCBuildConfiguration section */

/* Begin XCConfigurationList section */
		2953AF832803FFEA00396B74 /* Build configuration list for PBXProject "corso" */ = {
			isa = XCConfigurationList;
			buildConfigurations = (
				2953AFB02803FFEB00396B74 /* Debug */,
				2953AFB12803FFEB00396B74 /* Release */,
			);
			defaultConfigurationIsVisible = 0;
			defaultConfigurationName = Release;
		};
		2953AFB22803FFEB00396B74 /* Build configuration list for PBXNativeTarget "corso" */ = {
			isa = XCConfigurationList;
			buildConfigurations = (
				2953AFB32803FFEB00396B74 /* Debug */,
				2953AFB42803FFEB00396B74 /* Release */,
			);
			defaultConfigurationIsVisible = 0;
			defaultConfigurationName = Release;
		};
		2953AFB52803FFEB00396B74 /* Build configuration list for PBXNativeTarget "corsoTests" */ = {
			isa = XCConfigurationList;
			buildConfigurations = (
				2953AFB62803FFEB00396B74 /* Debug */,
				2953AFB72803FFEB00396B74 /* Release */,
			);
			defaultConfigurationIsVisible = 0;
			defaultConfigurationName = Release;
		};
		2953AFB82803FFEB00396B74 /* Build configuration list for PBXNativeTarget "corsoUITests" */ = {
			isa = XCConfigurationList;
			buildConfigurations = (
				2953AFB92803FFEB00396B74 /* Debug */,
				2953AFBA2803FFEB00396B74 /* Release */,
			);
			defaultConfigurationIsVisible = 0;
			defaultConfigurationName = Release;
		};
/* End XCConfigurationList section */
	};
	rootObject = 2953AF802803FFEA00396B74 /* Project object */;
}
